
Microsoft Visual Studio Solution File, Format Version 12.00
# Visual Studio Version 16
VisualStudioVersion = 16.0.33328.57
MinimumVisualStudioVersion = 10.0.40219.1
Project("{FAE04EC0-301F-11D3-BF4B-00C04F79EFBC}") = "OwnerSignedInPage", "OwnerSignedInPage.csproj", "{8B1BB667-B8EE-4DF6-80A6-4673E16BB602}"
EndProject
Global
	GlobalSection(SolutionConfigurationPlatforms) = preSolution
		Debug|Any CPU = Debug|Any CPU
		Release|Any CPU = Release|Any CPU
	EndGlobalSection
	GlobalSection(ProjectConfigurationPlatforms) = postSolution
		{8B1BB667-B8EE-4DF6-80A6-4673E16BB602}.Debug|Any CPU.ActiveCfg = Debug|Any CPU
		{8B1BB667-B8EE-4DF6-80A6-4673E16BB602}.Debug|Any CPU.Build.0 = Debug|Any CPU
		{8B1BB667-B8EE-4DF6-80A6-4673E16BB602}.Release|Any CPU.ActiveCfg = Release|Any CPU
		{8B1BB667-B8EE-4DF6-80A6-4673E16BB602}.Release|Any CPU.Build.0 = Release|Any CPU
	EndGlobalSection
	GlobalSection(SolutionProperties) = preSolution
		HideSolutionNode = FALSE
	EndGlobalSection
	GlobalSection(ExtensibilityGlobals) = postSolution
		SolutionGuid = {18DDB605-14BB-4096-AE79-4CC257000A6D}
	EndGlobalSection
EndGlobal
